
Microsoft Visual Studio Solution File, Format Version 12.00
# Visual Studio Version 17
VisualStudioVersion = 17.8.34408.163
MinimumVisualStudioVersion = 10.0.40219.1
Project("{2150E333-8FDC-42A3-9474-1A3956D46DE8}") = "Doc", "Doc", "{38B5194B-EA04-4E15-A257-68E28B64BF82}"
EndProject
Project("{2150E333-8FDC-42A3-9474-1A3956D46DE8}") = "Src", "Src", "{8570737F-B57D-4AD3-A8AB-0751B1DB59E6}"
EndProject
Project("{2150E333-8FDC-42A3-9474-1A3956D46DE8}") = "Test", "Test", "{10D77E46-8BE1-4D26-87C0-4CF788FD989D}"
EndProject
Project("{2150E333-8FDC-42A3-9474-1A3956D46DE8}") = "Core", "Core", "{23CC16B0-0D21-4C8D-8E2F-F83DC469671D}"
EndProject
Project("{2150E333-8FDC-42A3-9474-1A3956D46DE8}") = "Infrastructure", "Infrastructure", "{0463F8C1-B505-44AB-924E-CCA19D3FE1CD}"
EndProject
Project("{2150E333-8FDC-42A3-9474-1A3956D46DE8}") = "Presentation", "Presentation", "{C702B582-C7B2-430C-8256-20CB12CE90FF}"
EndProject
Project("{2150E333-8FDC-42A3-9474-1A3956D46DE8}") = "Common", "Common", "{0E9DE053-A4E1-44CB-8F5A-65B45FC7A46B}"
EndProject
Project("{FAE04EC0-301F-11D3-BF4B-00C04F79EFBC}") = "Store.Domain", "Store.Domain\Store.Domain.csproj", "{2732D089-CD8D-4811-AB98-E6D4DA2F8F74}"
EndProject
Project("{FAE04EC0-301F-11D3-BF4B-00C04F79EFBC}") = "Store.Application", "Store.Application\Store.Application.csproj", "{50E9FA4D-EA30-4DD4-B237-78FA24BF7019}"
EndProject
Project("{FAE04EC0-301F-11D3-BF4B-00C04F79EFBC}") = "Store.Infrastructure", "Store.Infrastructure\Store.Infrastructure.csproj", "{E80AF231-CFD7-42F1-B226-68A5308C454A}"
EndProject
Project("{FAE04EC0-301F-11D3-BF4B-00C04F79EFBC}") = "Store.Persistence", "Store.Persistence\Store.Persistence.csproj", "{74C13BFF-BC26-4D94-9BDD-CA811921C3B7}"
EndProject
Project("{FAE04EC0-301F-11D3-BF4B-00C04F79EFBC}") = "Store.Common", "Store.Common\Store.Common.csproj", "{5A030FEB-29B6-409F-9B50-143896EDA498}"
EndProject
Project("{FAE04EC0-301F-11D3-BF4B-00C04F79EFBC}") = "EndPoint.Site", "EndPoint.Site\EndPoint.Site.csproj", "{F8052DDA-59A4-4C0D-8708-4F03D29E54A3}"
EndProject
Global
	GlobalSection(SolutionConfigurationPlatforms) = preSolution
		Debug|Any CPU = Debug|Any CPU
		Release|Any CPU = Release|Any CPU
	EndGlobalSection
	GlobalSection(ProjectConfigurationPlatforms) = postSolution
		{2732D089-CD8D-4811-AB98-E6D4DA2F8F74}.Debug|Any CPU.ActiveCfg = Debug|Any CPU
		{2732D089-CD8D-4811-AB98-E6D4DA2F8F74}.Debug|Any CPU.Build.0 = Debug|Any CPU
		{2732D089-CD8D-4811-AB98-E6D4DA2F8F74}.Release|Any CPU.ActiveCfg = Release|Any CPU
		{2732D089-CD8D-4811-AB98-E6D4DA2F8F74}.Release|Any CPU.Build.0 = Release|Any CPU
		{50E9FA4D-EA30-4DD4-B237-78FA24BF7019}.Debug|Any CPU.ActiveCfg = Debug|Any CPU
		{50E9FA4D-EA30-4DD4-B237-78FA24BF7019}.Debug|Any CPU.Build.0 = Debug|Any CPU
		{50E9FA4D-EA30-4DD4-B237-78FA24BF7019}.Release|Any CPU.ActiveCfg = Release|Any CPU
		{50E9FA4D-EA30-4DD4-B237-78FA24BF7019}.Release|Any CPU.Build.0 = Release|Any CPU
		{E80AF231-CFD7-42F1-B226-68A5308C454A}.Debug|Any CPU.ActiveCfg = Debug|Any CPU
		{E80AF231-CFD7-42F1-B226-68A5308C454A}.Debug|Any CPU.Build.0 = Debug|Any CPU
		{E80AF231-CFD7-42F1-B226-68A5308C454A}.Release|Any CPU.ActiveCfg = Release|Any CPU
		{E80AF231-CFD7-42F1-B226-68A5308C454A}.Release|Any CPU.Build.0 = Release|Any CPU
		{74C13BFF-BC26-4D94-9BDD-CA811921C3B7}.Debug|Any CPU.ActiveCfg = Debug|Any CPU
		{74C13BFF-BC26-4D94-9BDD-CA811921C3B7}.Debug|Any CPU.Build.0 = Debug|Any CPU
		{74C13BFF-BC26-4D94-9BDD-CA811921C3B7}.Release|Any CPU.ActiveCfg = Release|Any CPU
		{74C13BFF-BC26-4D94-9BDD-CA811921C3B7}.Release|Any CPU.Build.0 = Release|Any CPU
		{5A030FEB-29B6-409F-9B50-143896EDA498}.Debug|Any CPU.ActiveCfg = Debug|Any CPU
		{5A030FEB-29B6-409F-9B50-143896EDA498}.Debug|Any CPU.Build.0 = Debug|Any CPU
		{5A030FEB-29B6-409F-9B50-143896EDA498}.Release|Any CPU.ActiveCfg = Release|Any CPU
		{5A030FEB-29B6-409F-9B50-143896EDA498}.Release|Any CPU.Build.0 = Release|Any CPU
		{F8052DDA-59A4-4C0D-8708-4F03D29E54A3}.Debug|Any CPU.ActiveCfg = Debug|Any CPU
		{F8052DDA-59A4-4C0D-8708-4F03D29E54A3}.Debug|Any CPU.Build.0 = Debug|Any CPU
		{F8052DDA-59A4-4C0D-8708-4F03D29E54A3}.Release|Any CPU.ActiveCfg = Release|Any CPU
		{F8052DDA-59A4-4C0D-8708-4F03D29E54A3}.Release|Any CPU.Build.0 = Release|Any CPU
	EndGlobalSection
	GlobalSection(SolutionProperties) = preSolution
		HideSolutionNode = FALSE
	EndGlobalSection
	GlobalSection(NestedProjects) = preSolution
		{23CC16B0-0D21-4C8D-8E2F-F83DC469671D} = {8570737F-B57D-4AD3-A8AB-0751B1DB59E6}
		{0463F8C1-B505-44AB-924E-CCA19D3FE1CD} = {8570737F-B57D-4AD3-A8AB-0751B1DB59E6}
		{C702B582-C7B2-430C-8256-20CB12CE90FF} = {8570737F-B57D-4AD3-A8AB-0751B1DB59E6}
		{0E9DE053-A4E1-44CB-8F5A-65B45FC7A46B} = {8570737F-B57D-4AD3-A8AB-0751B1DB59E6}
		{2732D089-CD8D-4811-AB98-E6D4DA2F8F74} = {23CC16B0-0D21-4C8D-8E2F-F83DC469671D}
		{50E9FA4D-EA30-4DD4-B237-78FA24BF7019} = {23CC16B0-0D21-4C8D-8E2F-F83DC469671D}
		{E80AF231-CFD7-42F1-B226-68A5308C454A} = {0463F8C1-B505-44AB-924E-CCA19D3FE1CD}
		{74C13BFF-BC26-4D94-9BDD-CA811921C3B7} = {0463F8C1-B505-44AB-924E-CCA19D3FE1CD}
		{5A030FEB-29B6-409F-9B50-143896EDA498} = {0E9DE053-A4E1-44CB-8F5A-65B45FC7A46B}
		{F8052DDA-59A4-4C0D-8708-4F03D29E54A3} = {C702B582-C7B2-430C-8256-20CB12CE90FF}
	EndGlobalSection
	GlobalSection(ExtensibilityGlobals) = postSolution
		SolutionGuid = {7EAFAFEB-2E4C-469D-9F03-FE27DB3548D1}
	EndGlobalSection
EndGlobal
